
Microsoft Visual Studio Solution File, Format Version 12.00
# Visual Studio Version 17
VisualStudioVersion = 17.4.33213.308
MinimumVisualStudioVersion = 10.0.40219.1
Project("{FAE04EC0-301F-11D3-BF4B-00C04F79EFBC}") = "Examples.CancellationToken.Api.WithControllers", "Examples.CancelationToken.Api.WithControllers\Examples.CancellationToken.Api.WithControllers.csproj", "{88509773-EEA6-411E-B362-400B1DB3660B}"
EndProject
Global
	GlobalSection(SolutionConfigurationPlatforms) = preSolution
		Debug|Any CPU = Debug|Any CPU
		Release|Any CPU = Release|Any CPU
	EndGlobalSection
	GlobalSection(ProjectConfigurationPlatforms) = postSolution
		{88509773-EEA6-411E-B362-400B1DB3660B}.Debug|Any CPU.ActiveCfg = Debug|Any CPU
		{88509773-EEA6-411E-B362-400B1DB3660B}.Debug|Any CPU.Build.0 = Debug|Any CPU
		{88509773-EEA6-411E-B362-400B1DB3660B}.Release|Any CPU.ActiveCfg = Release|Any CPU
		{88509773-EEA6-411E-B362-400B1DB3660B}.Release|Any CPU.Build.0 = Release|Any CPU
	EndGlobalSection
	GlobalSection(SolutionProperties) = preSolution
		HideSolutionNode = FALSE
	EndGlobalSection
	GlobalSection(ExtensibilityGlobals) = postSolution
		SolutionGuid = {14F89378-BDAC-4B77-AF46-44F7A0E0DA21}
	EndGlobalSection
EndGlobal
