
Microsoft Visual Studio Solution File, Format Version 12.00
# Visual Studio Version 17
VisualStudioVersion = 17.1.32228.430
MinimumVisualStudioVersion = 10.0.40219.1
Project("{9A19103F-16F7-4668-BE54-9A1E7A4F7556}") = "Com.Coderbyte.Solutions", "Com.Coderbyte.Solutions.csproj", "{0DE5A73E-C1A7-4906-A8F2-D040EDB1DFE5}"
EndProject
Global
	GlobalSection(SolutionConfigurationPlatforms) = preSolution
		Debug|Any CPU = Debug|Any CPU
		Release|Any CPU = Release|Any CPU
	EndGlobalSection
	GlobalSection(ProjectConfigurationPlatforms) = postSolution
		{0DE5A73E-C1A7-4906-A8F2-D040EDB1DFE5}.Debug|Any CPU.ActiveCfg = Debug|Any CPU
		{0DE5A73E-C1A7-4906-A8F2-D040EDB1DFE5}.Debug|Any CPU.Build.0 = Debug|Any CPU
		{0DE5A73E-C1A7-4906-A8F2-D040EDB1DFE5}.Release|Any CPU.ActiveCfg = Release|Any CPU
		{0DE5A73E-C1A7-4906-A8F2-D040EDB1DFE5}.Release|Any CPU.Build.0 = Release|Any CPU
	EndGlobalSection
	GlobalSection(SolutionProperties) = preSolution
		HideSolutionNode = FALSE
	EndGlobalSection
	GlobalSection(ExtensibilityGlobals) = postSolution
		SolutionGuid = {61676095-2C68-4E83-ACD7-B73797ECA94B}
	EndGlobalSection
EndGlobal
