
Microsoft Visual Studio Solution File, Format Version 12.00
# Visual Studio Version 17
VisualStudioVersion = 17.12.35527.113
MinimumVisualStudioVersion = 10.0.40219.1
Project("{FAE04EC0-301F-11D3-BF4B-00C04F79EFBC}") = "Y25.CqrsExample.Api", "Y25.CqrsExample.Api\Y25.CqrsExample.Api.csproj", "{3D958849-2229-40BC-A925-338C3C38B698}"
EndProject
Project("{FAE04EC0-301F-11D3-BF4B-00C04F79EFBC}") = "Y25.CqrsExample.Processors", "Y25.CqrsExample.Processors\Y25.CqrsExample.Processors.csproj", "{648A6DA0-C3A8-4083-A8C8-FAEAEBE528EB}"
EndProject
Project("{FAE04EC0-301F-11D3-BF4B-00C04F79EFBC}") = "Y25.CqrsExample.Infrastructure", "Y25.CqrsExample.Infrastructure\Y25.CqrsExample.Infrastructure.csproj", "{569B3F3E-0FDC-4DB5-A24E-BD46EA42F055}"
EndProject
Project("{FAE04EC0-301F-11D3-BF4B-00C04F79EFBC}") = "Y25.CqrsExample.Domain", "Y25.CqrsExample.Domain\Y25.CqrsExample.Domain.csproj", "{31787629-8A2D-48EA-9EB0-90530CC91DDE}"
EndProject
Global
	GlobalSection(SolutionConfigurationPlatforms) = preSolution
		Debug|Any CPU = Debug|Any CPU
		Release|Any CPU = Release|Any CPU
	EndGlobalSection
	GlobalSection(ProjectConfigurationPlatforms) = postSolution
		{3D958849-2229-40BC-A925-338C3C38B698}.Debug|Any CPU.ActiveCfg = Debug|Any CPU
		{3D958849-2229-40BC-A925-338C3C38B698}.Debug|Any CPU.Build.0 = Debug|Any CPU
		{3D958849-2229-40BC-A925-338C3C38B698}.Release|Any CPU.ActiveCfg = Release|Any CPU
		{3D958849-2229-40BC-A925-338C3C38B698}.Release|Any CPU.Build.0 = Release|Any CPU
		{648A6DA0-C3A8-4083-A8C8-FAEAEBE528EB}.Debug|Any CPU.ActiveCfg = Debug|Any CPU
		{648A6DA0-C3A8-4083-A8C8-FAEAEBE528EB}.Debug|Any CPU.Build.0 = Debug|Any CPU
		{648A6DA0-C3A8-4083-A8C8-FAEAEBE528EB}.Release|Any CPU.ActiveCfg = Release|Any CPU
		{648A6DA0-C3A8-4083-A8C8-FAEAEBE528EB}.Release|Any CPU.Build.0 = Release|Any CPU
		{569B3F3E-0FDC-4DB5-A24E-BD46EA42F055}.Debug|Any CPU.ActiveCfg = Debug|Any CPU
		{569B3F3E-0FDC-4DB5-A24E-BD46EA42F055}.Debug|Any CPU.Build.0 = Debug|Any CPU
		{569B3F3E-0FDC-4DB5-A24E-BD46EA42F055}.Release|Any CPU.ActiveCfg = Release|Any CPU
		{569B3F3E-0FDC-4DB5-A24E-BD46EA42F055}.Release|Any CPU.Build.0 = Release|Any CPU
		{31787629-8A2D-48EA-9EB0-90530CC91DDE}.Debug|Any CPU.ActiveCfg = Debug|Any CPU
		{31787629-8A2D-48EA-9EB0-90530CC91DDE}.Debug|Any CPU.Build.0 = Debug|Any CPU
		{31787629-8A2D-48EA-9EB0-90530CC91DDE}.Release|Any CPU.ActiveCfg = Release|Any CPU
		{31787629-8A2D-48EA-9EB0-90530CC91DDE}.Release|Any CPU.Build.0 = Release|Any CPU
	EndGlobalSection
	GlobalSection(SolutionProperties) = preSolution
		HideSolutionNode = FALSE
	EndGlobalSection
EndGlobal
