
Microsoft Visual Studio Solution File, Format Version 12.00
# Visual Studio Version 17
VisualStudioVersion = 17.10.35013.160
MinimumVisualStudioVersion = 10.0.40219.1
Project("{9A19103F-16F7-4668-BE54-9A1E7A4F7556}") = "GeniusSharp", "GeniusSharp\GeniusSharp.csproj", "{426AEE89-3FDD-4A92-9463-AB9EC922B377}"
EndProject
Project("{FAE04EC0-301F-11D3-BF4B-00C04F79EFBC}") = "GeniusSharp.Tests", "GeniusSharp.Tests\GeniusSharp.Tests.csproj", "{EE947846-CF6A-4004-A1ED-E1EAEAED380C}"
EndProject
Global
	GlobalSection(SolutionConfigurationPlatforms) = preSolution
		Debug|Any CPU = Debug|Any CPU
		Release|Any CPU = Release|Any CPU
	EndGlobalSection
	GlobalSection(ProjectConfigurationPlatforms) = postSolution
		{426AEE89-3FDD-4A92-9463-AB9EC922B377}.Debug|Any CPU.ActiveCfg = Debug|Any CPU
		{426AEE89-3FDD-4A92-9463-AB9EC922B377}.Debug|Any CPU.Build.0 = Debug|Any CPU
		{426AEE89-3FDD-4A92-9463-AB9EC922B377}.Release|Any CPU.ActiveCfg = Release|Any CPU
		{426AEE89-3FDD-4A92-9463-AB9EC922B377}.Release|Any CPU.Build.0 = Release|Any CPU
		{EE947846-CF6A-4004-A1ED-E1EAEAED380C}.Debug|Any CPU.ActiveCfg = Debug|Any CPU
		{EE947846-CF6A-4004-A1ED-E1EAEAED380C}.Debug|Any CPU.Build.0 = Debug|Any CPU
		{EE947846-CF6A-4004-A1ED-E1EAEAED380C}.Release|Any CPU.ActiveCfg = Release|Any CPU
		{EE947846-CF6A-4004-A1ED-E1EAEAED380C}.Release|Any CPU.Build.0 = Release|Any CPU
	EndGlobalSection
	GlobalSection(SolutionProperties) = preSolution
		HideSolutionNode = FALSE
	EndGlobalSection
	GlobalSection(ExtensibilityGlobals) = postSolution
		SolutionGuid = {2D65AF7C-961C-4700-B312-8ADBF3AA83E2}
	EndGlobalSection
EndGlobal
