
Microsoft Visual Studio Solution File, Format Version 12.00
# Visual Studio Version 17
VisualStudioVersion = 17.5.33424.131
MinimumVisualStudioVersion = 10.0.40219.1
Project("{FAE04EC0-301F-11D3-BF4B-00C04F79EFBC}") = "Net6_QueueListWithPriorities", "Net6_QueueListWithPriorities\Net6_QueueListWithPriorities.csproj", "{A9F746FA-9801-4865-BFA7-966FBF9329E4}"
EndProject
Global
	GlobalSection(SolutionConfigurationPlatforms) = preSolution
		Debug|Any CPU = Debug|Any CPU
		Release|Any CPU = Release|Any CPU
	EndGlobalSection
	GlobalSection(ProjectConfigurationPlatforms) = postSolution
		{A9F746FA-9801-4865-BFA7-966FBF9329E4}.Debug|Any CPU.ActiveCfg = Debug|Any CPU
		{A9F746FA-9801-4865-BFA7-966FBF9329E4}.Debug|Any CPU.Build.0 = Debug|Any CPU
		{A9F746FA-9801-4865-BFA7-966FBF9329E4}.Release|Any CPU.ActiveCfg = Release|Any CPU
		{A9F746FA-9801-4865-BFA7-966FBF9329E4}.Release|Any CPU.Build.0 = Release|Any CPU
	EndGlobalSection
	GlobalSection(SolutionProperties) = preSolution
		HideSolutionNode = FALSE
	EndGlobalSection
	GlobalSection(ExtensibilityGlobals) = postSolution
		SolutionGuid = {7B3BEFD5-E78F-451B-B048-4338E9D3F30D}
	EndGlobalSection
EndGlobal
