
Microsoft Visual Studio Solution File, Format Version 12.00
# Visual Studio Version 17
VisualStudioVersion = 17.7.34202.233
MinimumVisualStudioVersion = 10.0.40219.1
Project("{9A19103F-16F7-4668-BE54-9A1E7A4F7556}") = "Examples.y23.ImageSharp", "Examples.y23.ImageSharp\Examples.y23.ImageSharp.csproj", "{791101CA-6EE4-436E-96A7-03CD9C209CB1}"
EndProject
Project("{9A19103F-16F7-4668-BE54-9A1E7A4F7556}") = "Examples.y23.InParallel", "Examples.y23.InParallel\Examples.y23.InParallel.csproj", "{76C6EE6C-EBE9-413B-9882-F56A9E61B475}"
EndProject
Project("{9A19103F-16F7-4668-BE54-9A1E7A4F7556}") = "Examples.y23.MassTransitDemo", "Examples.y23.MassTransitDemo\Examples.y23.MassTransitDemo.csproj", "{CE28A3AB-2B39-4FD1-8B11-2916EB73BBAA}"
EndProject
Project("{9A19103F-16F7-4668-BE54-9A1E7A4F7556}") = "Examples.y24.NanoIds", "Examples.y24.NanoIds\Examples.y24.NanoIds.csproj", "{0FD9014E-A895-4433-976F-F2A1BB58C8BD}"
EndProject
Project("{9A19103F-16F7-4668-BE54-9A1E7A4F7556}") = "Examples.y24.ImageSharp.ConsoleApp", "Examples.y24.ImageSharp.ConsoleApp\Examples.y24.ImageSharp.ConsoleApp.csproj", "{E2B0EEB7-71A8-4FCE-BBC7-94C11768E739}"
EndProject
Project("{9A19103F-16F7-4668-BE54-9A1E7A4F7556}") = "Examples.y24.Azure.StorageAccount", "Examples.y24.Azure.StorageAccount\Examples.y24.Azure.StorageAccount.csproj", "{76A4330C-40C1-407C-B6CA-C1E36491A9F7}"
EndProject
Project("{9A19103F-16F7-4668-BE54-9A1E7A4F7556}") = "Examples.y24.HttpClientExamples", "Examples.y24.HttpClientExamples\Examples.y24.HttpClientExamples.csproj", "{B5D2D4AF-A3E8-4F94-BA03-5C50AADDCBCA}"
EndProject
Project("{9A19103F-16F7-4668-BE54-9A1E7A4F7556}") = "Examples.y24.ZipArchive", "Examples.y24.ZipArchive\Examples.y24.ZipArchive.csproj", "{C1A1A41C-3388-4FDA-AA63-1B702631C24B}"
EndProject
Project("{9A19103F-16F7-4668-BE54-9A1E7A4F7556}") = "Examples.y24.DataStructure", "Examples.y24.DataStructure\Examples.y24.DataStructure.csproj", "{E7F16B87-5A29-4BF1-A468-994DCFE69C2F}"
EndProject
Project("{9A19103F-16F7-4668-BE54-9A1E7A4F7556}") = "Examples.y24.Net8Auth.Api", "Examples.y24.Net8Auth.Api\Examples.y24.Net8Auth.Api.csproj", "{D3F7F673-BA58-40AA-B845-6AE1D966452B}"
EndProject
Project("{9A19103F-16F7-4668-BE54-9A1E7A4F7556}") = "Examples.y24.Api", "Examples.y24.Api\Examples.y24.Api.csproj", "{080D8C89-6D34-45A3-B5B5-7F0EE1888481}"
EndProject
Project("{9A19103F-16F7-4668-BE54-9A1E7A4F7556}") = "Examples.y24.Common", "Examples.y24.Common\Examples.y24.Common.csproj", "{DC1E27BE-51CB-40D8-8429-F6880EC43CF7}"
EndProject
Project("{FAE04EC0-301F-11D3-BF4B-00C04F79EFBC}") = "Examples.y24.BackgroundTasks", "Examples.y24.BackgroundTasks\Examples.y24.BackgroundTasks.csproj", "{41596F61-4ADA-4870-B41A-1419F0E0634D}"
EndProject
Global
	GlobalSection(SolutionConfigurationPlatforms) = preSolution
		Debug|Any CPU = Debug|Any CPU
		Release|Any CPU = Release|Any CPU
	EndGlobalSection
	GlobalSection(ProjectConfigurationPlatforms) = postSolution
		{791101CA-6EE4-436E-96A7-03CD9C209CB1}.Debug|Any CPU.ActiveCfg = Debug|Any CPU
		{791101CA-6EE4-436E-96A7-03CD9C209CB1}.Debug|Any CPU.Build.0 = Debug|Any CPU
		{791101CA-6EE4-436E-96A7-03CD9C209CB1}.Release|Any CPU.ActiveCfg = Release|Any CPU
		{791101CA-6EE4-436E-96A7-03CD9C209CB1}.Release|Any CPU.Build.0 = Release|Any CPU
		{76C6EE6C-EBE9-413B-9882-F56A9E61B475}.Debug|Any CPU.ActiveCfg = Debug|Any CPU
		{76C6EE6C-EBE9-413B-9882-F56A9E61B475}.Debug|Any CPU.Build.0 = Debug|Any CPU
		{76C6EE6C-EBE9-413B-9882-F56A9E61B475}.Release|Any CPU.ActiveCfg = Release|Any CPU
		{76C6EE6C-EBE9-413B-9882-F56A9E61B475}.Release|Any CPU.Build.0 = Release|Any CPU
		{CE28A3AB-2B39-4FD1-8B11-2916EB73BBAA}.Debug|Any CPU.ActiveCfg = Debug|Any CPU
		{CE28A3AB-2B39-4FD1-8B11-2916EB73BBAA}.Debug|Any CPU.Build.0 = Debug|Any CPU
		{CE28A3AB-2B39-4FD1-8B11-2916EB73BBAA}.Release|Any CPU.ActiveCfg = Release|Any CPU
		{CE28A3AB-2B39-4FD1-8B11-2916EB73BBAA}.Release|Any CPU.Build.0 = Release|Any CPU
		{0FD9014E-A895-4433-976F-F2A1BB58C8BD}.Debug|Any CPU.ActiveCfg = Debug|Any CPU
		{0FD9014E-A895-4433-976F-F2A1BB58C8BD}.Debug|Any CPU.Build.0 = Debug|Any CPU
		{0FD9014E-A895-4433-976F-F2A1BB58C8BD}.Release|Any CPU.ActiveCfg = Release|Any CPU
		{0FD9014E-A895-4433-976F-F2A1BB58C8BD}.Release|Any CPU.Build.0 = Release|Any CPU
		{E2B0EEB7-71A8-4FCE-BBC7-94C11768E739}.Debug|Any CPU.ActiveCfg = Debug|Any CPU
		{E2B0EEB7-71A8-4FCE-BBC7-94C11768E739}.Debug|Any CPU.Build.0 = Debug|Any CPU
		{E2B0EEB7-71A8-4FCE-BBC7-94C11768E739}.Release|Any CPU.ActiveCfg = Release|Any CPU
		{E2B0EEB7-71A8-4FCE-BBC7-94C11768E739}.Release|Any CPU.Build.0 = Release|Any CPU
		{76A4330C-40C1-407C-B6CA-C1E36491A9F7}.Debug|Any CPU.ActiveCfg = Debug|Any CPU
		{76A4330C-40C1-407C-B6CA-C1E36491A9F7}.Debug|Any CPU.Build.0 = Debug|Any CPU
		{76A4330C-40C1-407C-B6CA-C1E36491A9F7}.Release|Any CPU.ActiveCfg = Release|Any CPU
		{76A4330C-40C1-407C-B6CA-C1E36491A9F7}.Release|Any CPU.Build.0 = Release|Any CPU
		{B5D2D4AF-A3E8-4F94-BA03-5C50AADDCBCA}.Debug|Any CPU.ActiveCfg = Debug|Any CPU
		{B5D2D4AF-A3E8-4F94-BA03-5C50AADDCBCA}.Debug|Any CPU.Build.0 = Debug|Any CPU
		{B5D2D4AF-A3E8-4F94-BA03-5C50AADDCBCA}.Release|Any CPU.ActiveCfg = Release|Any CPU
		{B5D2D4AF-A3E8-4F94-BA03-5C50AADDCBCA}.Release|Any CPU.Build.0 = Release|Any CPU
		{C1A1A41C-3388-4FDA-AA63-1B702631C24B}.Debug|Any CPU.ActiveCfg = Debug|Any CPU
		{C1A1A41C-3388-4FDA-AA63-1B702631C24B}.Debug|Any CPU.Build.0 = Debug|Any CPU
		{C1A1A41C-3388-4FDA-AA63-1B702631C24B}.Release|Any CPU.ActiveCfg = Release|Any CPU
		{C1A1A41C-3388-4FDA-AA63-1B702631C24B}.Release|Any CPU.Build.0 = Release|Any CPU
		{E7F16B87-5A29-4BF1-A468-994DCFE69C2F}.Debug|Any CPU.ActiveCfg = Debug|Any CPU
		{E7F16B87-5A29-4BF1-A468-994DCFE69C2F}.Debug|Any CPU.Build.0 = Debug|Any CPU
		{E7F16B87-5A29-4BF1-A468-994DCFE69C2F}.Release|Any CPU.ActiveCfg = Release|Any CPU
		{E7F16B87-5A29-4BF1-A468-994DCFE69C2F}.Release|Any CPU.Build.0 = Release|Any CPU
		{D3F7F673-BA58-40AA-B845-6AE1D966452B}.Debug|Any CPU.ActiveCfg = Debug|Any CPU
		{D3F7F673-BA58-40AA-B845-6AE1D966452B}.Debug|Any CPU.Build.0 = Debug|Any CPU
		{D3F7F673-BA58-40AA-B845-6AE1D966452B}.Release|Any CPU.ActiveCfg = Release|Any CPU
		{D3F7F673-BA58-40AA-B845-6AE1D966452B}.Release|Any CPU.Build.0 = Release|Any CPU
		{080D8C89-6D34-45A3-B5B5-7F0EE1888481}.Debug|Any CPU.ActiveCfg = Debug|Any CPU
		{080D8C89-6D34-45A3-B5B5-7F0EE1888481}.Debug|Any CPU.Build.0 = Debug|Any CPU
		{080D8C89-6D34-45A3-B5B5-7F0EE1888481}.Release|Any CPU.ActiveCfg = Release|Any CPU
		{080D8C89-6D34-45A3-B5B5-7F0EE1888481}.Release|Any CPU.Build.0 = Release|Any CPU
		{DC1E27BE-51CB-40D8-8429-F6880EC43CF7}.Debug|Any CPU.ActiveCfg = Debug|Any CPU
		{DC1E27BE-51CB-40D8-8429-F6880EC43CF7}.Debug|Any CPU.Build.0 = Debug|Any CPU
		{DC1E27BE-51CB-40D8-8429-F6880EC43CF7}.Release|Any CPU.ActiveCfg = Release|Any CPU
		{DC1E27BE-51CB-40D8-8429-F6880EC43CF7}.Release|Any CPU.Build.0 = Release|Any CPU
		{41596F61-4ADA-4870-B41A-1419F0E0634D}.Debug|Any CPU.ActiveCfg = Debug|Any CPU
		{41596F61-4ADA-4870-B41A-1419F0E0634D}.Debug|Any CPU.Build.0 = Debug|Any CPU
		{41596F61-4ADA-4870-B41A-1419F0E0634D}.Release|Any CPU.ActiveCfg = Release|Any CPU
		{41596F61-4ADA-4870-B41A-1419F0E0634D}.Release|Any CPU.Build.0 = Release|Any CPU
	EndGlobalSection
	GlobalSection(SolutionProperties) = preSolution
		HideSolutionNode = FALSE
	EndGlobalSection
	GlobalSection(ExtensibilityGlobals) = postSolution
		SolutionGuid = {67EB0631-4B72-408D-87DC-BCC317B20F5C}
	EndGlobalSection
EndGlobal
