
Microsoft Visual Studio Solution File, Format Version 12.00
# Visual Studio Version 16
VisualStudioVersion = 16.0.30621.155
MinimumVisualStudioVersion = 10.0.40219.1
Project("{9A19103F-16F7-4668-BE54-9A1E7A4F7556}") = "dotnet-gql-test", "dotnet-gql-test.csproj", "{19657510-A891-49E3-A48D-22C86FCF23EE}"
EndProject
Global
	GlobalSection(SolutionConfigurationPlatforms) = preSolution
		Debug|Any CPU = Debug|Any CPU
		Release|Any CPU = Release|Any CPU
	EndGlobalSection
	GlobalSection(ProjectConfigurationPlatforms) = postSolution
		{19657510-A891-49E3-A48D-22C86FCF23EE}.Debug|Any CPU.ActiveCfg = Debug|Any CPU
		{19657510-A891-49E3-A48D-22C86FCF23EE}.Debug|Any CPU.Build.0 = Debug|Any CPU
		{19657510-A891-49E3-A48D-22C86FCF23EE}.Release|Any CPU.ActiveCfg = Release|Any CPU
		{19657510-A891-49E3-A48D-22C86FCF23EE}.Release|Any CPU.Build.0 = Release|Any CPU
	EndGlobalSection
	GlobalSection(SolutionProperties) = preSolution
		HideSolutionNode = FALSE
	EndGlobalSection
	GlobalSection(ExtensibilityGlobals) = postSolution
		SolutionGuid = {A6FA82CF-7F3E-434F-A98D-2C1723DD201B}
	EndGlobalSection
EndGlobal
